
Microsoft Visual Studio Solution File, Format Version 12.00
# Visual Studio Version 16
VisualStudioVersion = 16.0.29709.97
MinimumVisualStudioVersion = 10.0.40219.1
Project("{9A19103F-16F7-4668-BE54-9A1E7A4F7556}") = "ConsoleApp1", "ConsoleApp1\ConsoleApp1.csproj", "{F62B5246-68D4-4C2E-B110-0FC68D32E9D4}"
EndProject
Project("{9A19103F-16F7-4668-BE54-9A1E7A4F7556}") = "ConsoleApp2", "ConsoleApp2\ConsoleApp2.csproj", "{8F635752-734E-42F9-AEAC-CD64A826FBBD}"
EndProject
Project("{FAE04EC0-301F-11D3-BF4B-00C04F79EFBC}") = "ConsoleApp3", "ConsoleApp3\ConsoleApp3.csproj", "{98F0AF9F-BD75-423B-A67B-67C55D150D23}"
EndProject
Global
	GlobalSection(SolutionConfigurationPlatforms) = preSolution
		Debug|Any CPU = Debug|Any CPU
		Release|Any CPU = Release|Any CPU
	EndGlobalSection
	GlobalSection(ProjectConfigurationPlatforms) = postSolution
		{F62B5246-68D4-4C2E-B110-0FC68D32E9D4}.Debug|Any CPU.ActiveCfg = Debug|Any CPU
		{F62B5246-68D4-4C2E-B110-0FC68D32E9D4}.Debug|Any CPU.Build.0 = Debug|Any CPU
		{F62B5246-68D4-4C2E-B110-0FC68D32E9D4}.Release|Any CPU.ActiveCfg = Release|Any CPU
		{F62B5246-68D4-4C2E-B110-0FC68D32E9D4}.Release|Any CPU.Build.0 = Release|Any CPU
		{8F635752-734E-42F9-AEAC-CD64A826FBBD}.Debug|Any CPU.ActiveCfg = Debug|Any CPU
		{8F635752-734E-42F9-AEAC-CD64A826FBBD}.Debug|Any CPU.Build.0 = Debug|Any CPU
		{8F635752-734E-42F9-AEAC-CD64A826FBBD}.Release|Any CPU.ActiveCfg = Release|Any CPU
		{8F635752-734E-42F9-AEAC-CD64A826FBBD}.Release|Any CPU.Build.0 = Release|Any CPU
		{98F0AF9F-BD75-423B-A67B-67C55D150D23}.Debug|Any CPU.ActiveCfg = Debug|Any CPU
		{98F0AF9F-BD75-423B-A67B-67C55D150D23}.Debug|Any CPU.Build.0 = Debug|Any CPU
		{98F0AF9F-BD75-423B-A67B-67C55D150D23}.Release|Any CPU.ActiveCfg = Release|Any CPU
		{98F0AF9F-BD75-423B-A67B-67C55D150D23}.Release|Any CPU.Build.0 = Release|Any CPU
	EndGlobalSection
	GlobalSection(SolutionProperties) = preSolution
		HideSolutionNode = FALSE
	EndGlobalSection
	GlobalSection(ExtensibilityGlobals) = postSolution
		SolutionGuid = {234661CC-D3C5-4D5F-937E-900C4C833C2B}
	EndGlobalSection
EndGlobal
